
Microsoft Visual Studio Solution File, Format Version 12.00
# Visual Studio Version 17
VisualStudioVersion = 17.10.34928.147
MinimumVisualStudioVersion = 10.0.40219.1
Project("{FAE04EC0-301F-11D3-BF4B-00C04F79EFBC}") = "Figure.App", "Figure.App\Figure.App.csproj", "{729FE736-D11B-4042-A539-40BCE9262EAC}"
EndProject
Global
	GlobalSection(SolutionConfigurationPlatforms) = preSolution
		Debug|Any CPU = Debug|Any CPU
		Release|Any CPU = Release|Any CPU
	EndGlobalSection
	GlobalSection(ProjectConfigurationPlatforms) = postSolution
		{729FE736-D11B-4042-A539-40BCE9262EAC}.Debug|Any CPU.ActiveCfg = Debug|Any CPU
		{729FE736-D11B-4042-A539-40BCE9262EAC}.Debug|Any CPU.Build.0 = Debug|Any CPU
		{729FE736-D11B-4042-A539-40BCE9262EAC}.Release|Any CPU.ActiveCfg = Release|Any CPU
		{729FE736-D11B-4042-A539-40BCE9262EAC}.Release|Any CPU.Build.0 = Release|Any CPU
	EndGlobalSection
	GlobalSection(SolutionProperties) = preSolution
		HideSolutionNode = FALSE
	EndGlobalSection
	GlobalSection(ExtensibilityGlobals) = postSolution
		SolutionGuid = {A78CC9AA-1A8F-4D0A-B3EB-9DAD8D07A67E}
	EndGlobalSection
EndGlobal
